// !$*UTF8*$!
{
	archiveVersion = 1;
	classes = {
	};
	objectVersion = 50;
	objects = {

/* Begin PBXBuildFile section */
		91BD80D223D92728008CFA28 /* AppDelegate.swift in Sources */ = {isa = PBXBuildFile; fileRef = 91BD80D123D92728008CFA28 /* AppDelegate.swift */; };
		91BD80D423D92728008CFA28 /* SceneDelegate.swift in Sources */ = {isa = PBXBuildFile; fileRef = 91BD80D323D92728008CFA28 /* SceneDelegate.swift */; };
		91BD80D623D92728008CFA28 /* ViewController.swift in Sources */ = {isa = PBXBuildFile; fileRef = 91BD80D523D92728008CFA28 /* ViewController.swift */; };
		91BD80D923D92728008CFA28 /* Main.storyboard in Resources */ = {isa = PBXBuildFile; fileRef = 91BD80D723D92728008CFA28 /* Main.storyboard */; };
		91BD80DB23D9272A008CFA28 /* Assets.xcassets in Resources */ = {isa = PBXBuildFile; fileRef = 91BD80DA23D9272A008CFA28 /* Assets.xcassets */; };
		91BD80DE23D9272A008CFA28 /* LaunchScreen.storyboard in Resources */ = {isa = PBXBuildFile; fileRef = 91BD80DC23D9272A008CFA28 /* LaunchScreen.storyboard */; };
		91BD80E923D9272A008CFA28 /* tippyTests.swift in Sources */ = {isa = PBXBuildFile; fileRef = 91BD80E823D9272A008CFA28 /* tippyTests.swift */; };
		91BD80F423D9272A008CFA28 /* tippyUITests.swift in Sources */ = {isa = PBXBuildFile; fileRef = 91BD80F323D9272A008CFA28 /* tippyUITests.swift */; };
/* End PBXBuildFile section */

/* Begin PBXContainerItemProxy section */
		91BD80E523D9272A008CFA28 /* PBXContainerItemProxy */ = {
			isa = PBXContainerItemProxy;
			containerPortal = 91BD80C623D92728008CFA28 /* Project object */;
			proxyType = 1;
			remoteGlobalIDString = 91BD80CD23D92728008CFA28;
			remoteInfo = tippy;
		};
		91BD80F023D9272A008CFA28 /* PBXContainerItemProxy */ = {
			isa = PBXContainerItemProxy;
			containerPortal = 91BD80C623D92728008CFA28 /* Project object */;
			proxyType = 1;
			remoteGlobalIDString = 91BD80CD23D92728008CFA28;
			remoteInfo = tippy;
		};
/* End PBXContainerItemProxy section */

/* Begin PBXFileReference section */
		91BD80CE23D92728008CFA28 /* tippy.app */ = {isa = PBXFileReference; explicitFileType = wrapper.application; includeInIndex = 0; path = tippy.app; sourceTree = BUILT_PRODUCTS_DIR; };
		91BD80D123D92728008CFA28 /* AppDelegate.swift */ = {isa = PBXFileReference; lastKnownFileType = sourcecode.swift; path = AppDelegate.swift; sourceTree = "<group>"; };
		91BD80D323D92728008CFA28 /* SceneDelegate.swift */ = {isa = PBXFileReference; lastKnownFileType = sourcecode.swift; path = SceneDelegate.swift; sourceTree = "<group>"; };
		91BD80D523D92728008CFA28 /* ViewController.swift */ = {isa = PBXFileReference; lastKnownFileType = sourcecode.swift; path = ViewController.swift; sourceTree = "<group>"; };
		91BD80D823D92728008CFA28 /* Base */ = {isa = PBXFileReference; lastKnownFileType = file.storyboard; name = Base; path = Base.lproj/Main.storyboard; sourceTree = "<group>"; };
		91BD80DA23D9272A008CFA28 /* Assets.xcassets */ = {isa = PBXFileReference; lastKnownFileType = folder.assetcatalog; path = Assets.xcassets; sourceTree = "<group>"; };
		91BD80DD23D9272A008CFA28 /* Base */ = {isa = PBXFileReference; lastKnownFileType = file.storyboard; name = Base; path = Base.lproj/LaunchScreen.storyboard; sourceTree = "<group>"; };
		91BD80DF23D9272A008CFA28 /* Info.plist */ = {isa = PBXFileReference; lastKnownFileType = text.plist.xml; path = Info.plist; sourceTree = "<group>"; };
		91BD80E423D9272A008CFA28 /* tippyTests.xctest */ = {isa = PBXFileReference; explicitFileType = wrapper.cfbundle; includeInIndex = 0; path = tippyTests.xctest; sourceTree = BUILT_PRODUCTS_DIR; };
		91BD80E823D9272A008CFA28 /* tippyTests.swift */ = {isa = PBXFileReference; lastKnownFileType = sourcecode.swift; path = tippyTests.swift; sourceTree = "<group>"; };
		91BD80EA23D9272A008CFA28 /* Info.plist */ = {isa = PBXFileReference; lastKnownFileType = text.plist.xml; path = Info.plist; sourceTree = "<group>"; };
		91BD80EF23D9272A008CFA28 /* tippyUITests.xctest */ = {isa = PBXFileReference; explicitFileType = wrapper.cfbundle; includeInIndex = 0; path = tippyUITests.xctest; sourceTree = BUILT_PRODUCTS_DIR; };
		91BD80F323D9272A008CFA28 /* tippyUITests.swift */ = {isa = PBXFileReference; lastKnownFileType = sourcecode.swift; path = tippyUITests.swift; sourceTree = "<group>"; };
		91BD80F523D9272A008CFA28 /* Info.plist */ = {isa = PBXFileReference; lastKnownFileType = text.plist.xml; path = Info.plist; sourceTree = "<group>"; };
/* End PBXFileReference section */

/* Begin PBXFrameworksBuildPhase section */
		91BD80CB23D92728008CFA28 /* Frameworks */ = {
			isa = PBXFrameworksBuildPhase;
			buildActionMask = 2147483647;
			files = (
			);
			runOnlyForDeploymentPostprocessing = 0;
		};
		91BD80E123D9272A008CFA28 /* Frameworks */ = {
			isa = PBXFrameworksBuildPhase;
			buildActionMask = 2147483647;
			files = (
			);
			runOnlyForDeploymentPostprocessing = 0;
		};
		91BD80EC23D9272A008CFA28 /* Frameworks */ = {
			isa = PBXFrameworksBuildPhase;
			buildActionMask = 2147483647;
			files = (
			);
			runOnlyForDeploymentPostprocessing = 0;
		};
/* End PBXFrameworksBuildPhase section */

/* Begin PBXGroup section */
		91BD80C523D92728008CFA28 = {
			isa = PBXGroup;
			children = (
				91BD80D023D92728008CFA28 /* tippy */,
				91BD80E723D9272A008CFA28 /* tippyTests */,
				91BD80F223D9272A008CFA28 /* tippyUITests */,
				91BD80CF23D92728008CFA28 /* Products */,
			);
			sourceTree = "<group>";
		};
		91BD80CF23D92728008CFA28 /* Products */ = {
			isa = PBXGroup;
			children = (
				91BD80CE23D92728008CFA28 /* tippy.app */,
				91BD80E423D9272A008CFA28 /* tippyTests.xctest */,
				91BD80EF23D9272A008CFA28 /* tippyUITests.xctest */,
			);
			name = Products;
			sourceTree = "<group>";
		};
		91BD80D023D92728008CFA28 /* tippy */ = {
			isa = PBXGroup;
			children = (
				91BD80D123D92728008CFA28 /* AppDelegate.swift */,
				91BD80D323D92728008CFA28 /* SceneDelegate.swift */,
				91BD80D523D92728008CFA28 /* ViewController.swift */,
				91BD80D723D92728008CFA28 /* Main.storyboard */,
				91BD80DA23D9272A008CFA28 /* Assets.xcassets */,
				91BD80DC23D9272A008CFA28 /* LaunchScreen.storyboard */,
				91BD80DF23D9272A008CFA28 /* Info.plist */,
			);
			path = tippy;
			sourceTree = "<group>";
		};
		91BD80E723D9272A008CFA28 /* tippyTests */ = {
			isa = PBXGroup;
			children = (
				91BD80E823D9272A008CFA28 /* tippyTests.swift */,
				91BD80EA23D9272A008CFA28 /* Info.plist */,
			);
			path = tippyTests;
			sourceTree = "<group>";
		};
		91BD80F223D9272A008CFA28 /* tippyUITests */ = {
			isa = PBXGroup;
			children = (
				91BD80F323D9272A008CFA28 /* tippyUITests.swift */,
				91BD80F523D9272A008CFA28 /* Info.plist */,
			);
			path = tippyUITests;
			sourceTree = "<group>";
		};
/* End PBXGroup section */

/* Begin PBXNativeTarget section */
		91BD80CD23D92728008CFA28 /* tippy */ = {
			isa = PBXNativeTarget;
			buildConfigurationList = 91BD80F823D9272A008CFA28 /* Build configuration list for PBXNativeTarget "tippy" */;
			buildPhases = (
				91BD80CA23D92728008CFA28 /* Sources */,
				91BD80CB23D92728008CFA28 /* Frameworks */,
				91BD80CC23D92728008CFA28 /* Resources */,
			);
			buildRules = (
			);
			dependencies = (
			);
			name = tippy;
			productName = tippy;
			productReference = 91BD80CE23D92728008CFA28 /* tippy.app */;
			productType = "com.apple.product-type.application";
		};
		91BD80E323D9272A008CFA28 /* tippyTests */ = {
			isa = PBXNativeTarget;
			buildConfigurationList = 91BD80FB23D9272A008CFA28 /* Build configuration list for PBXNativeTarget "tippyTests" */;
			buildPhases = (
				91BD80E023D9272A008CFA28 /* Sources */,
				91BD80E123D9272A008CFA28 /* Frameworks */,
				91BD80E223D9272A008CFA28 /* Resources */,
			);
			buildRules = (
			);
			dependencies = (
				91BD80E623D9272A008CFA28 /* PBXTargetDependency */,
			);
			name = tippyTests;
			productName = tippyTests;
			productReference = 91BD80E423D9272A008CFA28 /* tippyTests.xctest */;
			productType = "com.apple.product-type.bundle.unit-test";
		};
		91BD80EE23D9272A008CFA28 /* tippyUITests */ = {
			isa = PBXNativeTarget;
			buildConfigurationList = 91BD80FE23D9272A008CFA28 /* Build configuration list for PBXNativeTarget "tippyUITests" */;
			buildPhases = (
				91BD80EB23D9272A008CFA28 /* Sources */,
				91BD80EC23D9272A008CFA28 /* Frameworks */,
				91BD80ED23D9272A008CFA28 /* Resources */,
			);
			buildRules = (
			);
			dependencies = (
				91BD80F123D9272A008CFA28 /* PBXTargetDependency */,
			);
			name = tippyUITests;
			productName = tippyUITests;
			productReference = 91BD80EF23D9272A008CFA28 /* tippyUITests.xctest */;
			productType = "com.apple.product-type.bundle.ui-testing";
		};
/* End PBXNativeTarget section */

/* Begin PBXProject section */
		91BD80C623D92728008CFA28 /* Project object */ = {
			isa = PBXProject;
			attributes = {
				LastSwiftUpdateCheck = 1130;
				LastUpgradeCheck = 1130;
				ORGANIZATIONNAME = "Howard Aguilar";
				TargetAttributes = {
					91BD80CD23D92728008CFA28 = {
						CreatedOnToolsVersion = 11.3.1;
					};
					91BD80E323D9272A008CFA28 = {
						CreatedOnToolsVersion = 11.3.1;
						TestTargetID = 91BD80CD23D92728008CFA28;
					};
					91BD80EE23D9272A008CFA28 = {
						CreatedOnToolsVersion = 11.3.1;
						TestTargetID = 91BD80CD23D92728008CFA28;
					};
				};
			};
			buildConfigurationList = 91BD80C923D92728008CFA28 /* Build configuration list for PBXProject "tippy" */;
			compatibilityVersion = "Xcode 9.3";
			developmentRegion = en;
			hasScannedForEncodings = 0;
			knownRegions = (
				en,
				Base,
			);
			mainGroup = 91BD80C523D92728008CFA28;
			productRefGroup = 91BD80CF23D92728008CFA28 /* Products */;
			projectDirPath = "";
			projectRoot = "";
			targets = (
				91BD80CD23D92728008CFA28 /* tippy */,
				91BD80E323D9272A008CFA28 /* tippyTests */,
				91BD80EE23D9272A008CFA28 /* tippyUITests */,
			);
		};
/* End PBXProject section */

/* Begin PBXResourcesBuildPhase section */
		91BD80CC23D92728008CFA28 /* Resources */ = {
			isa = PBXResourcesBuildPhase;
			buildActionMask = 2147483647;
			files = (
				91BD80DE23D9272A008CFA28 /* LaunchScreen.storyboard in Resources */,
				91BD80DB23D9272A008CFA28 /* Assets.xcassets in Resources */,
				91BD80D923D92728008CFA28 /* Main.storyboard in Resources */,
			);
			runOnlyForDeploymentPostprocessing = 0;
		};
		91BD80E223D9272A008CFA28 /* Resources */ = {
			isa = PBXResourcesBuildPhase;
			buildActionMask = 2147483647;
			files = (
			);
			runOnlyForDeploymentPostprocessing = 0;
		};
		91BD80ED23D9272A008CFA28 /* Resources */ = {
			isa = PBXResourcesBuildPhase;
			buildActionMask = 2147483647;
			files = (
			);
			runOnlyForDeploymentPostprocessing = 0;
		};
/* End PBXResourcesBuildPhase section */

/* Begin PBXSourcesBuildPhase section */
		91BD80CA23D92728008CFA28 /* Sources */ = {
			isa = PBXSourcesBuildPhase;
			buildActionMask = 2147483647;
			files = (
				91BD80D623D92728008CFA28 /* ViewController.swift in Sources */,
				91BD80D223D92728008CFA28 /* AppDelegate.swift in Sources */,
				91BD80D423D92728008CFA28 /* SceneDelegate.swift in Sources */,
			);
			runOnlyForDeploymentPostprocessing = 0;
		};
		91BD80E023D9272A008CFA28 /* Sources */ = {
			isa = PBXSourcesBuildPhase;
			buildActionMask = 2147483647;
			files = (
				91BD80E923D9272A008CFA28 /* tippyTests.swift in Sources */,
			);
			runOnlyForDeploymentPostprocessing = 0;
		};
		91BD80EB23D9272A008CFA28 /* Sources */ = {
			isa = PBXSourcesBuildPhase;
			buildActionMask = 2147483647;
			files = (
				91BD80F423D9272A008CFA28 /* tippyUITests.swift in Sources */,
			);
			runOnlyForDeploymentPostprocessing = 0;
		};
/* End PBXSourcesBuildPhase section */

/* Begin PBXTargetDependency section */
		91BD80E623D9272A008CFA28 /* PBXTargetDependency */ = {
			isa = PBXTargetDependency;
			target = 91BD80CD23D92728008CFA28 /* tippy */;
			targetProxy = 91BD80E523D9272A008CFA28 /* PBXContainerItemProxy */;
		};
		91BD80F123D9272A008CFA28 /* PBXTargetDependency */ = {
			isa = PBXTargetDependency;
			target = 91BD80CD23D92728008CFA28 /* tippy */;
			targetProxy = 91BD80F023D9272A008CFA28 /* PBXContainerItemProxy */;
		};
/* End PBXTargetDependency section */

/* Begin PBXVariantGroup section */
		91BD80D723D92728008CFA28 /* Main.storyboard */ = {
			isa = PBXVariantGroup;
			children = (
				91BD80D823D92728008CFA28 /* Base */,
			);
			name = Main.storyboard;
			sourceTree = "<group>";
		};
		91BD80DC23D9272A008CFA28 /* LaunchScreen.storyboard */ = {
			isa = PBXVariantGroup;
			children = (
				91BD80DD23D9272A008CFA28 /* Base */,
			);
			name = LaunchScreen.storyboard;
			sourceTree = "<group>";
		};
/* End PBXVariantGroup section */

/* Begin XCBuildConfiguration section */
		91BD80F623D9272A008CFA28 /* Debug */ = {
			isa = XCBuildConfiguration;
			buildSettings = {
				ALWAYS_SEARCH_USER_PATHS = NO;
				CLANG_ANALYZER_NONNULL = YES;
				CLANG_ANALYZER_NUMBER_OBJECT_CONVERSION = YES_AGGRESSIVE;
				CLANG_CXX_LANGUAGE_STANDARD = "gnu++14";
				CLANG_CXX_LIBRARY = "libc++";
				CLANG_ENABLE_MODULES = YES;
				CLANG_ENABLE_OBJC_ARC = YES;
				CLANG_ENABLE_OBJC_WEAK = YES;
				CLANG_WARN_BLOCK_CAPTURE_AUTORELEASING = YES;
				CLANG_WARN_BOOL_CONVERSION = YES;
				CLANG_WARN_COMMA = YES;
				CLANG_WARN_CONSTANT_CONVERSION = YES;
				CLANG_WARN_DEPRECATED_OBJC_IMPLEMENTATIONS = YES;
				CLANG_WARN_DIRECT_OBJC_ISA_USAGE = YES_ERROR;
				CLANG_WARN_DOCUMENTATION_COMMENTS = YES;
				CLANG_WARN_EMPTY_BODY = YES;
				CLANG_WARN_ENUM_CONVERSION = YES;
				CLANG_WARN_INFINITE_RECURSION = YES;
				CLANG_WARN_INT_CONVERSION = YES;
				CLANG_WARN_NON_LITERAL_NULL_CONVERSION = YES;
				CLANG_WARN_OBJC_IMPLICIT_RETAIN_SELF = YES;
				CLANG_WARN_OBJC_LITERAL_CONVERSION = YES;
				CLANG_WARN_OBJC_ROOT_CLASS = YES_ERROR;
				CLANG_WARN_RANGE_LOOP_ANALYSIS = YES;
				CLANG_WARN_STRICT_PROTOTYPES = YES;
				CLANG_WARN_SUSPICIOUS_MOVE = YES;
				CLANG_WARN_UNGUARDED_AVAILABILITY = YES_AGGRESSIVE;
				CLANG_WARN_UNREACHABLE_CODE = YES;
				CLANG_WARN__DUPLICATE_METHOD_MATCH = YES;
				COPY_PHASE_STRIP = NO;
				DEBUG_INFORMATION_FORMAT = dwarf;
				ENABLE_STRICT_OBJC_MSGSEND = YES;
				ENABLE_TESTABILITY = YES;
				GCC_C_LANGUAGE_STANDARD = gnu11;
				GCC_DYNAMIC_NO_PIC = NO;
				GCC_NO_COMMON_BLOCKS = YES;
				GCC_OPTIMIZATION_LEVEL = 0;
				GCC_PREPROCESSOR_DEFINITIONS = (
					"DEBUG=1",
					"$(inherited)",
				);
				GCC_WARN_64_TO_32_BIT_CONVERSION = YES;
				GCC_WARN_ABOUT_RETURN_TYPE = YES_ERROR;
				GCC_WARN_UNDECLARED_SELECTOR = YES;
				GCC_WARN_UNINITIALIZED_AUTOS = YES_AGGRESSIVE;
				GCC_WARN_UNUSED_FUNCTION = YES;
				GCC_WARN_UNUSED_VARIABLE = YES;
				IPHONEOS_DEPLOYMENT_TARGET = 13.2;
				MTL_ENABLE_DEBUG_INFO = INCLUDE_SOURCE;
				MTL_FAST_MATH = YES;
				ONLY_ACTIVE_ARCH = YES;
				SDKROOT = iphoneos;
				SWIFT_ACTIVE_COMPILATION_CONDITIONS = DEBUG;
				SWIFT_OPTIMIZATION_LEVEL = "-Onone";
			};
			name = Debug;
		};
		91BD80F723D9272A008CFA28 /* Release */ = {
			isa = XCBuildConfiguration;
			buildSettings = {
				ALWAYS_SEARCH_USER_PATHS = NO;
				CLANG_ANALYZER_NONNULL = YES;
				CLANG_ANALYZER_NUMBER_OBJECT_CONVERSION = YES_AGGRESSIVE;
				CLANG_CXX_LANGUAGE_STANDARD = "gnu++14";
				CLANG_CXX_LIBRARY = "libc++";
				CLANG_ENABLE_MODULES = YES;
				CLANG_ENABLE_OBJC_ARC = YES;
				CLANG_ENABLE_OBJC_WEAK = YES;
				CLANG_WARN_BLOCK_CAPTURE_AUTORELEASING = YES;
				CLANG_WARN_BOOL_CONVERSION = YES;
				CLANG_WARN_COMMA = YES;
				CLANG_WARN_CONSTANT_CONVERSION = YES;
				CLANG_WARN_DEPRECATED_OBJC_IMPLEMENTATIONS = YES;
				CLANG_WARN_DIRECT_OBJC_ISA_USAGE = YES_ERROR;
				CLANG_WARN_DOCUMENTATION_COMMENTS = YES;
				CLANG_WARN_EMPTY_BODY = YES;
				CLANG_WARN_ENUM_CONVERSION = YES;
				CLANG_WARN_INFINITE_RECURSION = YES;
				CLANG_WARN_INT_CONVERSION = YES;
				CLANG_WARN_NON_LITERAL_NULL_CONVERSION = YES;
				CLANG_WARN_OBJC_IMPLICIT_RETAIN_SELF = YES;
				CLANG_WARN_OBJC_LITERAL_CONVERSION = YES;
				CLANG_WARN_OBJC_ROOT_CLASS = YES_ERROR;
				CLANG_WARN_RANGE_LOOP_ANALYSIS = YES;
				CLANG_WARN_STRICT_PROTOTYPES = YES;
				CLANG_WARN_SUSPICIOUS_MOVE = YES;
				CLANG_WARN_UNGUARDED_AVAILABILITY = YES_AGGRESSIVE;
				CLANG_WARN_UNREACHABLE_CODE = YES;
				CLANG_WARN__DUPLICATE_METHOD_MATCH = YES;
				COPY_PHASE_STRIP = NO;
				DEBUG_INFORMATION_FORMAT = "dwarf-with-dsym";
				ENABLE_NS_ASSERTIONS = NO;
				ENABLE_STRICT_OBJC_MSGSEND = YES;
				GCC_C_LANGUAGE_STANDARD = gnu11;
				GCC_NO_COMMON_BLOCKS = YES;
				GCC_WARN_64_TO_32_BIT_CONVERSION = YES;
				GCC_WARN_ABOUT_RETURN_TYPE = YES_ERROR;
				GCC_WARN_UNDECLARED_SELECTOR = YES;
				GCC_WARN_UNINITIALIZED_AUTOS = YES_AGGRESSIVE;
				GCC_WARN_UNUSED_FUNCTION = YES;
				GCC_WARN_UNUSED_VARIABLE = YES;
				IPHONEOS_DEPLOYMENT_TARGET = 13.2;
				MTL_ENABLE_DEBUG_INFO = NO;
				MTL_FAST_MATH = YES;
				SDKROOT = iphoneos;
				SWIFT_COMPILATION_MODE = wholemodule;
				SWIFT_OPTIMIZATION_LEVEL = "-O";
				VALIDATE_PRODUCT = YES;
			};
			name = Release;
		};
		91BD80F923D9272A008CFA28 /* Debug */ = {
			isa = XCBuildConfiguration;
			buildSettings = {
				ASSETCATALOG_COMPILER_APPICON_NAME = AppIcon;
				CODE_SIGN_STYLE = Automatic;
				INFOPLIST_FILE = tippy/Info.plist;
				LD_RUNPATH_SEARCH_PATHS = (
					"$(inherited)",
					"@executable_path/Frameworks",
				);
				PRODUCT_BUNDLE_IDENTIFIER = TESTING.tippy;
				PRODUCT_NAME = "$(TARGET_NAME)";
				SWIFT_VERSION = 5.0;
				TARGETED_DEVICE_FAMILY = "1,2";
			};
			name = Debug;
		};
		91BD80FA23D9272A008CFA28 /* Release */ = {
			isa = XCBuildConfiguration;
			buildSettings = {
				ASSETCATALOG_COMPILER_APPICON_NAME = AppIcon;
				CODE_SIGN_STYLE = Automatic;
				INFOPLIST_FILE = tippy/Info.plist;
				LD_RUNPATH_SEARCH_PATHS = (
					"$(inherited)",
					"@executable_path/Frameworks",
				);
				PRODUCT_BUNDLE_IDENTIFIER = TESTING.tippy;
				PRODUCT_NAME = "$(TARGET_NAME)";
				SWIFT_VERSION = 5.0;
				TARGETED_DEVICE_FAMILY = "1,2";
			};
			name = Release;
		};
		91BD80FC23D9272A008CFA28 /* Debug */ = {
			isa = XCBuildConfiguration;
			buildSettings = {
				ALWAYS_EMBED_SWIFT_STANDARD_LIBRARIES = YES;
				BUNDLE_LOADER = "$(TEST_HOST)";
				CODE_SIGN_STYLE = Automatic;
				INFOPLIST_FILE = tippyTests/Info.plist;
				IPHONEOS_DEPLOYMENT_TARGET = 13.2;
				LD_RUNPATH_SEARCH_PATHS = (
					"$(inherited)",
					"@executable_path/Frameworks",
					"@loader_path/Frameworks",
				);
				PRODUCT_BUNDLE_IDENTIFIER = TESTING.tippyTests;
				PRODUCT_NAME = "$(TARGET_NAME)";
				SWIFT_VERSION = 5.0;
				TARGETED_DEVICE_FAMILY = "1,2";
				TEST_HOST = "$(BUILT_PRODUCTS_DIR)/tippy.app/tippy";
			};
			name = Debug;
		};
		91BD80FD23D9272A008CFA28 /* Release */ = {
			isa = XCBuildConfiguration;
			buildSettings = {
				ALWAYS_EMBED_SWIFT_STANDARD_LIBRARIES = YES;
				BUNDLE_LOADER = "$(TEST_HOST)";
				CODE_SIGN_STYLE = Automatic;
				INFOPLIST_FILE = tippyTests/Info.plist;
				IPHONEOS_DEPLOYMENT_TARGET = 13.2;
				LD_RUNPATH_SEARCH_PATHS = (
					"$(inherited)",
					"@executable_path/Frameworks",
					"@loader_path/Frameworks",
				);
				PRODUCT_BUNDLE_IDENTIFIER = TESTING.tippyTests;
				PRODUCT_NAME = "$(TARGET_NAME)";
				SWIFT_VERSION = 5.0;
				TARGETED_DEVICE_FAMILY = "1,2";
				TEST_HOST = "$(BUILT_PRODUCTS_DIR)/tippy.app/tippy";
			};
			name = Release;
		};
		91BD80FF23D9272A008CFA28 /* Debug */ = {
			isa = XCBuildConfiguration;
			buildSettings = {
				ALWAYS_EMBED_SWIFT_STANDARD_LIBRARIES = YES;
				CODE_SIGN_STYLE = Automatic;
				INFOPLIST_FILE = tippyUITests/Info.plist;
				LD_RUNPATH_SEARCH_PATHS = (
					"$(inherited)",
					"@executable_path/Frameworks",
					"@loader_path/Frameworks",
				);
				PRODUCT_BUNDLE_IDENTIFIER = TESTING.tippyUITests;
				PRODUCT_NAME = "$(TARGET_NAME)";
				SWIFT_VERSION = 5.0;
				TARGETED_DEVICE_FAMILY = "1,2";
				TEST_TARGET_NAME = tippy;
			};
			name = Debug;
		};
		91BD810023D9272A008CFA28 /* Release */ = {
			isa = XCBuildConfiguration;
			buildSettings = {
				ALWAYS_EMBED_SWIFT_STANDARD_LIBRARIES = YES;
				CODE_SIGN_STYLE = Automatic;
				INFOPLIST_FILE = tippyUITests/Info.plist;
				LD_RUNPATH_SEARCH_PATHS = (
					"$(inherited)",
					"@executable_path/Frameworks",
					"@loader_path/Frameworks",
				);
				PRODUCT_BUNDLE_IDENTIFIER = TESTING.tippyUITests;
				PRODUCT_NAME = "$(TARGET_NAME)";
				SWIFT_VERSION = 5.0;
				TARGETED_DEVICE_FAMILY = "1,2";
				TEST_TARGET_NAME = tippy;
			};
			name = Release;
		};
/* End XCBuildConfiguration section */

/* Begin XCConfigurationList section */
		91BD80C923D92728008CFA28 /* Build configuration list for PBXProject "tippy" */ = {
			isa = XCConfigurationList;
			buildConfigurations = (
				91BD80F623D9272A008CFA28 /* Debug */,
				91BD80F723D9272A008CFA28 /* Release */,
			);
			defaultConfigurationIsVisible = 0;
			defaultConfigurationName = Release;
		};
		91BD80F823D9272A008CFA28 /* Build configuration list for PBXNativeTarget "tippy" */ = {
			isa = XCConfigurationList;
			buildConfigurations = (
				91BD80F923D9272A008CFA28 /* Debug */,
				91BD80FA23D9272A008CFA28 /* Release */,
			);
			defaultConfigurationIsVisible = 0;
			defaultConfigurationName = Release;
		};
		91BD80FB23D9272A008CFA28 /* Build configuration list for PBXNativeTarget "tippyTests" */ = {
			isa = XCConfigurationList;
			buildConfigurations = (
				91BD80FC23D9272A008CFA28 /* Debug */,
				91BD80FD23D9272A008CFA28 /* Release */,
			);
			defaultConfigurationIsVisible = 0;
			defaultConfigurationName = Release;
		};
		91BD80FE23D9272A008CFA28 /* Build configuration list for PBXNativeTarget "tippyUITests" */ = {
			isa = XCConfigurationList;
			buildConfigurations = (
				91BD80FF23D9272A008CFA28 /* Debug */,
				91BD810023D9272A008CFA28 /* Release */,
			);
			defaultConfigurationIsVisible = 0;
			defaultConfigurationName = Release;
		};
/* End XCConfigurationList section */
	};
	rootObject = 91BD80C623D92728008CFA28 /* Project object */;
}
